
Microsoft Visual Studio Solution File, Format Version 12.00
# Visual Studio Version 16
VisualStudioVersion = 16.0.31112.23
MinimumVisualStudioVersion = 10.0.40219.1
Project("{FAE04EC0-301F-11D3-BF4B-00C04F79EFBC}") = "Project", "Project\Project.csproj", "{F27A2E80-F827-416B-99F6-B19ED18FB70B}"
EndProject
Project("{FAE04EC0-301F-11D3-BF4B-00C04F79EFBC}") = "Practices", "..\..\..\..\source\repos\Practices\Practices\Practices.csproj", "{DD67B847-B33B-4ABA-9755-FCE9E8DA6886}"
EndProject
Global
	GlobalSection(SolutionConfigurationPlatforms) = preSolution
		Debug|Any CPU = Debug|Any CPU
		Release|Any CPU = Release|Any CPU
	EndGlobalSection
	GlobalSection(ProjectConfigurationPlatforms) = postSolution
		{F27A2E80-F827-416B-99F6-B19ED18FB70B}.Debug|Any CPU.ActiveCfg = Debug|Any CPU
		{F27A2E80-F827-416B-99F6-B19ED18FB70B}.Debug|Any CPU.Build.0 = Debug|Any CPU
		{F27A2E80-F827-416B-99F6-B19ED18FB70B}.Release|Any CPU.ActiveCfg = Release|Any CPU
		{F27A2E80-F827-416B-99F6-B19ED18FB70B}.Release|Any CPU.Build.0 = Release|Any CPU
		{DD67B847-B33B-4ABA-9755-FCE9E8DA6886}.Debug|Any CPU.ActiveCfg = Debug|Any CPU
		{DD67B847-B33B-4ABA-9755-FCE9E8DA6886}.Debug|Any CPU.Build.0 = Debug|Any CPU
		{DD67B847-B33B-4ABA-9755-FCE9E8DA6886}.Release|Any CPU.ActiveCfg = Release|Any CPU
		{DD67B847-B33B-4ABA-9755-FCE9E8DA6886}.Release|Any CPU.Build.0 = Release|Any CPU
	EndGlobalSection
	GlobalSection(SolutionProperties) = preSolution
		HideSolutionNode = FALSE
	EndGlobalSection
	GlobalSection(ExtensibilityGlobals) = postSolution
		SolutionGuid = {DEB31009-1B6C-4FA5-BF44-B03161231B9E}
	EndGlobalSection
EndGlobal
