
Microsoft Visual Studio Solution File, Format Version 12.00
# Visual Studio 15
VisualStudioVersion = 15.0.27703.2035
MinimumVisualStudioVersion = 10.0.40219.1
Project("{FAE04EC0-301F-11D3-BF4B-00C04F79EFBC}") = "Project", "Project\Project.csproj", "{F27A2E80-F827-416B-99F6-B19ED18FB70B}"
EndProject
Project("{54435603-DBB4-11D2-8724-00A0C9A8B90C}") = "Oversight", "Oversight\Oversight.vdproj", "{9003D64E-F6F1-4F6D-AFB1-065FEE90F884}"
EndProject
Project("{54435603-DBB4-11D2-8724-00A0C9A8B90C}") = "Oversight2", "Oversight2\Oversight2.vdproj", "{F4830BF7-D535-4B94-A922-199B243696D4}"
EndProject
Global
	GlobalSection(SolutionConfigurationPlatforms) = preSolution
		Debug|Any CPU = Debug|Any CPU
		Release|Any CPU = Release|Any CPU
	EndGlobalSection
	GlobalSection(ProjectConfigurationPlatforms) = postSolution
		{F27A2E80-F827-416B-99F6-B19ED18FB70B}.Debug|Any CPU.ActiveCfg = Debug|Any CPU
		{F27A2E80-F827-416B-99F6-B19ED18FB70B}.Debug|Any CPU.Build.0 = Debug|Any CPU
		{F27A2E80-F827-416B-99F6-B19ED18FB70B}.Release|Any CPU.ActiveCfg = Release|Any CPU
		{F27A2E80-F827-416B-99F6-B19ED18FB70B}.Release|Any CPU.Build.0 = Release|Any CPU
		{9003D64E-F6F1-4F6D-AFB1-065FEE90F884}.Debug|Any CPU.ActiveCfg = Debug
		{9003D64E-F6F1-4F6D-AFB1-065FEE90F884}.Release|Any CPU.ActiveCfg = Release
		{F4830BF7-D535-4B94-A922-199B243696D4}.Debug|Any CPU.ActiveCfg = Debug
		{F4830BF7-D535-4B94-A922-199B243696D4}.Release|Any CPU.ActiveCfg = Release
	EndGlobalSection
	GlobalSection(SolutionProperties) = preSolution
		HideSolutionNode = FALSE
	EndGlobalSection
	GlobalSection(ExtensibilityGlobals) = postSolution
		SolutionGuid = {DEB31009-1B6C-4FA5-BF44-B03161231B9E}
	EndGlobalSection
EndGlobal
